
Microsoft Visual Studio Solution File, Format Version 12.00
# Visual Studio Version 17
VisualStudioVersion = 17.5.33530.505
MinimumVisualStudioVersion = 10.0.40219.1
Project("{FAE04EC0-301F-11D3-BF4B-00C04F79EFBC}") = "PwaApp", "PwaApp\PwaApp.csproj", "{1183574A-D2F0-4DB5-8EF3-ABFB0E46E857}"
EndProject
Global
	GlobalSection(SolutionConfigurationPlatforms) = preSolution
		Debug|Any CPU = Debug|Any CPU
		Release|Any CPU = Release|Any CPU
	EndGlobalSection
	GlobalSection(ProjectConfigurationPlatforms) = postSolution
		{1183574A-D2F0-4DB5-8EF3-ABFB0E46E857}.Debug|Any CPU.ActiveCfg = Debug|Any CPU
		{1183574A-D2F0-4DB5-8EF3-ABFB0E46E857}.Debug|Any CPU.Build.0 = Debug|Any CPU
		{1183574A-D2F0-4DB5-8EF3-ABFB0E46E857}.Release|Any CPU.ActiveCfg = Release|Any CPU
		{1183574A-D2F0-4DB5-8EF3-ABFB0E46E857}.Release|Any CPU.Build.0 = Release|Any CPU
	EndGlobalSection
	GlobalSection(SolutionProperties) = preSolution
		HideSolutionNode = FALSE
	EndGlobalSection
	GlobalSection(ExtensibilityGlobals) = postSolution
		SolutionGuid = {4BF6CB11-9C9A-4F05-ADD9-9B67945B1007}
	EndGlobalSection
EndGlobal
